
Microsoft Visual Studio Solution File, Format Version 12.00
# Visual Studio Version 16
VisualStudioVersion = 16.0.29806.167
MinimumVisualStudioVersion = 10.0.40219.1
Project("{2150E333-8FDC-42A3-9474-1A3956D46DE8}") = "Solution Items", "Solution Items", "{277FC37F-9B49-4D1E-9333-9560163D8C52}"
	ProjectSection(SolutionItems) = preProject
		.editorconfig = .editorconfig
		0 - Estoque\roteiro poc tcc puc minas.txt = 0 - Estoque\roteiro poc tcc puc minas.txt
	EndProjectSection
EndProject
Project("{9A19103F-16F7-4668-BE54-9A1E7A4F7556}") = "Descarte.Messages", "..\Descarte.Messages\Descarte.Messages.csproj", "{7B984F8B-54D0-4495-B90C-BE1478C20548}"
EndProject
Project("{2150E333-8FDC-42A3-9474-1A3956D46DE8}") = "0 - Estoque", "0 - Estoque", "{63A4F055-7630-4482-AD37-0BF41768E637}"
EndProject
Project("{9A19103F-16F7-4668-BE54-9A1E7A4F7556}") = "EstoqueLambda", "0 - Estoque\EstoqueLambda\EstoqueLambda.csproj", "{5ADDE6ED-0120-4ECB-B581-B28106A6AE4A}"
EndProject
Project("{9A19103F-16F7-4668-BE54-9A1E7A4F7556}") = "EstoqueLambda.Tests", "0 - Estoque\EstoqueLambda.Tests\EstoqueLambda.Tests.csproj", "{7EFC85A4-57AE-4E26-9D13-41DB09AC6B35}"
EndProject
Project("{9A19103F-16F7-4668-BE54-9A1E7A4F7556}") = "TriagemLambda", "2 - Triagem\TriagemLambda\TriagemLambda.csproj", "{33C14B65-5098-4F37-8C88-2BEE2E5F35CE}"
EndProject
Project("{9A19103F-16F7-4668-BE54-9A1E7A4F7556}") = "TriagemLambda.Tests", "2 - Triagem\TriagemLambda.Tests\TriagemLambda.Tests.csproj", "{D9B191EE-633A-4FDF-892C-D29315B73759}"
EndProject
Project("{2150E333-8FDC-42A3-9474-1A3956D46DE8}") = "2 - Triagem", "2 - Triagem", "{4BA0E91A-AA32-4616-9878-5F8F57C6DBF3}"
EndProject
Project("{2150E333-8FDC-42A3-9474-1A3956D46DE8}") = "1 - Agenda", "1 - Agenda", "{C9715B82-1A5C-42ED-AF44-4F6C27B3A1A1}"
EndProject
Project("{2150E333-8FDC-42A3-9474-1A3956D46DE8}") = "3 - Descarte", "3 - Descarte", "{25B9536D-461F-415B-BBB9-B605DEB3D9C1}"
EndProject
Project("{9A19103F-16F7-4668-BE54-9A1E7A4F7556}") = "DescarteLambda", "3 - Descarte\DescarteLambda\DescarteLambda.csproj", "{AD34DA19-5E68-482C-9CF5-AEC4FB6B36FF}"
EndProject
Project("{9A19103F-16F7-4668-BE54-9A1E7A4F7556}") = "DescarteLambda.Tests", "3 - Descarte\DescarteLambda.Tests\DescarteLambda.Tests.csproj", "{458E027D-32D5-4E12-8C21-E8FD48857521}"
EndProject
Project("{2150E333-8FDC-42A3-9474-1A3956D46DE8}") = "4 - Messages", "4 - Messages", "{38B8ACA9-3C6C-4301-B5AC-5D7D3C4C513D}"
EndProject
Project("{9A19103F-16F7-4668-BE54-9A1E7A4F7556}") = "AgendaLambda", "1 - Agendamento\AgendaLambda\AgendaLambda.csproj", "{C2601CFB-62BC-4B2C-A7E2-3BE8637E8FDA}"
EndProject
Project("{9A19103F-16F7-4668-BE54-9A1E7A4F7556}") = "AgendaLambda.Tests", "1 - Agendamento\AgendaLambda.Tests\AgendaLambda.Tests.csproj", "{88974671-8A1A-41C9-98D2-19667E337957}"
EndProject
Project("{2150E333-8FDC-42A3-9474-1A3956D46DE8}") = "5 - Saga", "5 - Saga", "{2DE60226-1894-4A41-AD4C-82D48E11A371}"
EndProject
Project("{9A19103F-16F7-4668-BE54-9A1E7A4F7556}") = "SagaLambda", "SagaLambda\SagaLambda.csproj", "{77BF711A-5012-4BA2-BC3D-30D72C7839BC}"
EndProject
Project("{9A19103F-16F7-4668-BE54-9A1E7A4F7556}") = "SagaLambda.Tests", "SagaLambda.Tests\SagaLambda.Tests.csproj", "{DF3415CA-4DA7-475D-8241-6745B8C7DB57}"
EndProject
Project("{2150E333-8FDC-42A3-9474-1A3956D46DE8}") = "6 - Helpers", "6 - Helpers", "{A0B4A7B1-4F02-464D-BBB5-261649F2D68B}"
EndProject
Project("{9A19103F-16F7-4668-BE54-9A1E7A4F7556}") = "EmailHelper", "6 - Helpers\EmailHelper\EmailHelper.csproj", "{B35C497A-2989-447B-8B02-E8AF79E06FD5}"
EndProject
Project("{9A19103F-16F7-4668-BE54-9A1E7A4F7556}") = "Agropop.Dependency.Inject", "Agropop.Dependency.Inject\Agropop.Dependency.Inject.csproj", "{C26B5EB5-E8B7-4B04-9570-C74E0B511692}"
EndProject
Project("{2150E333-8FDC-42A3-9474-1A3956D46DE8}") = "7 - Database", "7 - Database", "{78EE87D1-6CB6-474B-865E-2FB33F0DD5B2}"
EndProject
Project("{9A19103F-16F7-4668-BE54-9A1E7A4F7556}") = "Agropop.Database.Descarte", "Agropop.Database\Agropop.Database.Descarte.csproj", "{3798C8CE-6578-4794-B8A7-A07C46DF4F01}"
EndProject
Project("{9A19103F-16F7-4668-BE54-9A1E7A4F7556}") = "Agropop.Database.Saga", "Agropop.Database.Saga\Agropop.Database.Saga.csproj", "{9E69C45F-EFF4-4DC6-85FE-62146E5D9EBE}"
EndProject
Project("{9A19103F-16F7-4668-BE54-9A1E7A4F7556}") = "SagaApiLambda", "5 - Saga\SagaApiLambda\SagaApiLambda.csproj", "{5AFA58F1-FD42-4E71-8868-3295B5AB10F6}"
EndProject
Project("{9A19103F-16F7-4668-BE54-9A1E7A4F7556}") = "SagaApiLambda.Tests", "5 - Saga\SagaApiLambda.Tests\SagaApiLambda.Tests.csproj", "{1CEDB83F-9AA7-49F9-88E0-6B335E9A692C}"
EndProject
Global
	GlobalSection(SolutionConfigurationPlatforms) = preSolution
		Debug|Any CPU = Debug|Any CPU
		Release|Any CPU = Release|Any CPU
	EndGlobalSection
	GlobalSection(ProjectConfigurationPlatforms) = postSolution
		{7B984F8B-54D0-4495-B90C-BE1478C20548}.Debug|Any CPU.ActiveCfg = Debug|Any CPU
		{7B984F8B-54D0-4495-B90C-BE1478C20548}.Debug|Any CPU.Build.0 = Debug|Any CPU
		{7B984F8B-54D0-4495-B90C-BE1478C20548}.Release|Any CPU.ActiveCfg = Release|Any CPU
		{7B984F8B-54D0-4495-B90C-BE1478C20548}.Release|Any CPU.Build.0 = Release|Any CPU
		{5ADDE6ED-0120-4ECB-B581-B28106A6AE4A}.Debug|Any CPU.ActiveCfg = Debug|Any CPU
		{5ADDE6ED-0120-4ECB-B581-B28106A6AE4A}.Debug|Any CPU.Build.0 = Debug|Any CPU
		{5ADDE6ED-0120-4ECB-B581-B28106A6AE4A}.Release|Any CPU.ActiveCfg = Release|Any CPU
		{5ADDE6ED-0120-4ECB-B581-B28106A6AE4A}.Release|Any CPU.Build.0 = Release|Any CPU
		{7EFC85A4-57AE-4E26-9D13-41DB09AC6B35}.Debug|Any CPU.ActiveCfg = Debug|Any CPU
		{7EFC85A4-57AE-4E26-9D13-41DB09AC6B35}.Debug|Any CPU.Build.0 = Debug|Any CPU
		{7EFC85A4-57AE-4E26-9D13-41DB09AC6B35}.Release|Any CPU.ActiveCfg = Release|Any CPU
		{7EFC85A4-57AE-4E26-9D13-41DB09AC6B35}.Release|Any CPU.Build.0 = Release|Any CPU
		{33C14B65-5098-4F37-8C88-2BEE2E5F35CE}.Debug|Any CPU.ActiveCfg = Debug|Any CPU
		{33C14B65-5098-4F37-8C88-2BEE2E5F35CE}.Debug|Any CPU.Build.0 = Debug|Any CPU
		{33C14B65-5098-4F37-8C88-2BEE2E5F35CE}.Release|Any CPU.ActiveCfg = Release|Any CPU
		{33C14B65-5098-4F37-8C88-2BEE2E5F35CE}.Release|Any CPU.Build.0 = Release|Any CPU
		{D9B191EE-633A-4FDF-892C-D29315B73759}.Debug|Any CPU.ActiveCfg = Debug|Any CPU
		{D9B191EE-633A-4FDF-892C-D29315B73759}.Debug|Any CPU.Build.0 = Debug|Any CPU
		{D9B191EE-633A-4FDF-892C-D29315B73759}.Release|Any CPU.ActiveCfg = Release|Any CPU
		{D9B191EE-633A-4FDF-892C-D29315B73759}.Release|Any CPU.Build.0 = Release|Any CPU
		{AD34DA19-5E68-482C-9CF5-AEC4FB6B36FF}.Debug|Any CPU.ActiveCfg = Debug|Any CPU
		{AD34DA19-5E68-482C-9CF5-AEC4FB6B36FF}.Debug|Any CPU.Build.0 = Debug|Any CPU
		{AD34DA19-5E68-482C-9CF5-AEC4FB6B36FF}.Release|Any CPU.ActiveCfg = Release|Any CPU
		{AD34DA19-5E68-482C-9CF5-AEC4FB6B36FF}.Release|Any CPU.Build.0 = Release|Any CPU
		{458E027D-32D5-4E12-8C21-E8FD48857521}.Debug|Any CPU.ActiveCfg = Debug|Any CPU
		{458E027D-32D5-4E12-8C21-E8FD48857521}.Debug|Any CPU.Build.0 = Debug|Any CPU
		{458E027D-32D5-4E12-8C21-E8FD48857521}.Release|Any CPU.ActiveCfg = Release|Any CPU
		{458E027D-32D5-4E12-8C21-E8FD48857521}.Release|Any CPU.Build.0 = Release|Any CPU
		{C2601CFB-62BC-4B2C-A7E2-3BE8637E8FDA}.Debug|Any CPU.ActiveCfg = Debug|Any CPU
		{C2601CFB-62BC-4B2C-A7E2-3BE8637E8FDA}.Debug|Any CPU.Build.0 = Debug|Any CPU
		{C2601CFB-62BC-4B2C-A7E2-3BE8637E8FDA}.Release|Any CPU.ActiveCfg = Release|Any CPU
		{C2601CFB-62BC-4B2C-A7E2-3BE8637E8FDA}.Release|Any CPU.Build.0 = Release|Any CPU
		{88974671-8A1A-41C9-98D2-19667E337957}.Debug|Any CPU.ActiveCfg = Debug|Any CPU
		{88974671-8A1A-41C9-98D2-19667E337957}.Debug|Any CPU.Build.0 = Debug|Any CPU
		{88974671-8A1A-41C9-98D2-19667E337957}.Release|Any CPU.ActiveCfg = Release|Any CPU
		{88974671-8A1A-41C9-98D2-19667E337957}.Release|Any CPU.Build.0 = Release|Any CPU
		{77BF711A-5012-4BA2-BC3D-30D72C7839BC}.Debug|Any CPU.ActiveCfg = Debug|Any CPU
		{77BF711A-5012-4BA2-BC3D-30D72C7839BC}.Debug|Any CPU.Build.0 = Debug|Any CPU
		{77BF711A-5012-4BA2-BC3D-30D72C7839BC}.Release|Any CPU.ActiveCfg = Release|Any CPU
		{77BF711A-5012-4BA2-BC3D-30D72C7839BC}.Release|Any CPU.Build.0 = Release|Any CPU
		{DF3415CA-4DA7-475D-8241-6745B8C7DB57}.Debug|Any CPU.ActiveCfg = Debug|Any CPU
		{DF3415CA-4DA7-475D-8241-6745B8C7DB57}.Debug|Any CPU.Build.0 = Debug|Any CPU
		{DF3415CA-4DA7-475D-8241-6745B8C7DB57}.Release|Any CPU.ActiveCfg = Release|Any CPU
		{DF3415CA-4DA7-475D-8241-6745B8C7DB57}.Release|Any CPU.Build.0 = Release|Any CPU
		{B35C497A-2989-447B-8B02-E8AF79E06FD5}.Debug|Any CPU.ActiveCfg = Debug|Any CPU
		{B35C497A-2989-447B-8B02-E8AF79E06FD5}.Debug|Any CPU.Build.0 = Debug|Any CPU
		{B35C497A-2989-447B-8B02-E8AF79E06FD5}.Release|Any CPU.ActiveCfg = Release|Any CPU
		{B35C497A-2989-447B-8B02-E8AF79E06FD5}.Release|Any CPU.Build.0 = Release|Any CPU
		{C26B5EB5-E8B7-4B04-9570-C74E0B511692}.Debug|Any CPU.ActiveCfg = Debug|Any CPU
		{C26B5EB5-E8B7-4B04-9570-C74E0B511692}.Debug|Any CPU.Build.0 = Debug|Any CPU
		{C26B5EB5-E8B7-4B04-9570-C74E0B511692}.Release|Any CPU.ActiveCfg = Release|Any CPU
		{C26B5EB5-E8B7-4B04-9570-C74E0B511692}.Release|Any CPU.Build.0 = Release|Any CPU
		{3798C8CE-6578-4794-B8A7-A07C46DF4F01}.Debug|Any CPU.ActiveCfg = Debug|Any CPU
		{3798C8CE-6578-4794-B8A7-A07C46DF4F01}.Debug|Any CPU.Build.0 = Debug|Any CPU
		{3798C8CE-6578-4794-B8A7-A07C46DF4F01}.Release|Any CPU.ActiveCfg = Release|Any CPU
		{3798C8CE-6578-4794-B8A7-A07C46DF4F01}.Release|Any CPU.Build.0 = Release|Any CPU
		{9E69C45F-EFF4-4DC6-85FE-62146E5D9EBE}.Debug|Any CPU.ActiveCfg = Debug|Any CPU
		{9E69C45F-EFF4-4DC6-85FE-62146E5D9EBE}.Debug|Any CPU.Build.0 = Debug|Any CPU
		{9E69C45F-EFF4-4DC6-85FE-62146E5D9EBE}.Release|Any CPU.ActiveCfg = Release|Any CPU
		{9E69C45F-EFF4-4DC6-85FE-62146E5D9EBE}.Release|Any CPU.Build.0 = Release|Any CPU
		{5AFA58F1-FD42-4E71-8868-3295B5AB10F6}.Debug|Any CPU.ActiveCfg = Debug|Any CPU
		{5AFA58F1-FD42-4E71-8868-3295B5AB10F6}.Debug|Any CPU.Build.0 = Debug|Any CPU
		{5AFA58F1-FD42-4E71-8868-3295B5AB10F6}.Release|Any CPU.ActiveCfg = Release|Any CPU
		{5AFA58F1-FD42-4E71-8868-3295B5AB10F6}.Release|Any CPU.Build.0 = Release|Any CPU
		{1CEDB83F-9AA7-49F9-88E0-6B335E9A692C}.Debug|Any CPU.ActiveCfg = Debug|Any CPU
		{1CEDB83F-9AA7-49F9-88E0-6B335E9A692C}.Debug|Any CPU.Build.0 = Debug|Any CPU
		{1CEDB83F-9AA7-49F9-88E0-6B335E9A692C}.Release|Any CPU.ActiveCfg = Release|Any CPU
		{1CEDB83F-9AA7-49F9-88E0-6B335E9A692C}.Release|Any CPU.Build.0 = Release|Any CPU
	EndGlobalSection
	GlobalSection(SolutionProperties) = preSolution
		HideSolutionNode = FALSE
	EndGlobalSection
	GlobalSection(NestedProjects) = preSolution
		{7B984F8B-54D0-4495-B90C-BE1478C20548} = {38B8ACA9-3C6C-4301-B5AC-5D7D3C4C513D}
		{5ADDE6ED-0120-4ECB-B581-B28106A6AE4A} = {63A4F055-7630-4482-AD37-0BF41768E637}
		{7EFC85A4-57AE-4E26-9D13-41DB09AC6B35} = {63A4F055-7630-4482-AD37-0BF41768E637}
		{33C14B65-5098-4F37-8C88-2BEE2E5F35CE} = {4BA0E91A-AA32-4616-9878-5F8F57C6DBF3}
		{D9B191EE-633A-4FDF-892C-D29315B73759} = {4BA0E91A-AA32-4616-9878-5F8F57C6DBF3}
		{AD34DA19-5E68-482C-9CF5-AEC4FB6B36FF} = {25B9536D-461F-415B-BBB9-B605DEB3D9C1}
		{458E027D-32D5-4E12-8C21-E8FD48857521} = {25B9536D-461F-415B-BBB9-B605DEB3D9C1}
		{C2601CFB-62BC-4B2C-A7E2-3BE8637E8FDA} = {C9715B82-1A5C-42ED-AF44-4F6C27B3A1A1}
		{88974671-8A1A-41C9-98D2-19667E337957} = {C9715B82-1A5C-42ED-AF44-4F6C27B3A1A1}
		{77BF711A-5012-4BA2-BC3D-30D72C7839BC} = {2DE60226-1894-4A41-AD4C-82D48E11A371}
		{DF3415CA-4DA7-475D-8241-6745B8C7DB57} = {2DE60226-1894-4A41-AD4C-82D48E11A371}
		{B35C497A-2989-447B-8B02-E8AF79E06FD5} = {A0B4A7B1-4F02-464D-BBB5-261649F2D68B}
		{C26B5EB5-E8B7-4B04-9570-C74E0B511692} = {A0B4A7B1-4F02-464D-BBB5-261649F2D68B}
		{3798C8CE-6578-4794-B8A7-A07C46DF4F01} = {78EE87D1-6CB6-474B-865E-2FB33F0DD5B2}
		{9E69C45F-EFF4-4DC6-85FE-62146E5D9EBE} = {78EE87D1-6CB6-474B-865E-2FB33F0DD5B2}
		{5AFA58F1-FD42-4E71-8868-3295B5AB10F6} = {2DE60226-1894-4A41-AD4C-82D48E11A371}
		{1CEDB83F-9AA7-49F9-88E0-6B335E9A692C} = {2DE60226-1894-4A41-AD4C-82D48E11A371}
	EndGlobalSection
	GlobalSection(ExtensibilityGlobals) = postSolution
		SolutionGuid = {C54D2F21-028B-4827-BF22-84033316877A}
	EndGlobalSection
EndGlobal
